Microsoft Visual Studio Solution File, Format Version 12.00
# Visual Studio 15
VisualStudioVersion = 15.0.26730.10
MinimumVisualStudioVersion = 10.0.40219.1
Project("{9A19103F-16F7-4668-BE54-9A1E7A4F7556}") = "StoreEP", "StoreEP\StoreEP.csproj", "{E6D508A5-209A-4183-A809-5204CF0A5FCC}"
EndProject
Global
	GlobalSection(SolutionConfigurationPlatforms) = preSolution
		Debug|Any CPU = Debug|Any CPU
		Release|Any CPU = Release|Any CPU
	EndGlobalSection
	GlobalSection(ProjectConfigurationPlatforms) = postSolution
		{E6D508A5-209A-4183-A809-5204CF0A5FCC}.Debug|Any CPU.ActiveCfg = Debug|Any CPU
		{E6D508A5-209A-4183-A809-5204CF0A5FCC}.Debug|Any CPU.Build.0 = Debug|Any CPU
		{E6D508A5-209A-4183-A809-5204CF0A5FCC}.Release|Any CPU.ActiveCfg = Release|Any CPU
		{E6D508A5-209A-4183-A809-5204CF0A5FCC}.Release|Any CPU.Build.0 = Release|Any CPU
	EndGlobalSection
	GlobalSection(SolutionProperties) = preSolution
		HideSolutionNode = FALSE
	EndGlobalSection
	GlobalSection(ExtensibilityGlobals) = postSolution
		SolutionGuid = {AC6D7AD3-C6B6-4ADC-A07E-D1A3502A1977}
	EndGlobalSection
EndGlobal
